// !$*UTF8*$!
{
	archiveVersion = 1;
	classes = {
	};
	objectVersion = 50;
	objects = {

/* Begin PBXBuildFile section */
		155D836F24CF6A0800FCCA00 /* AppDelegate.swift in Sources */ = {isa = PBXBuildFile; fileRef = 155D836E24CF6A0800FCCA00 /* AppDelegate.swift */; };
		155D837124CF6A0800FCCA00 /* SceneDelegate.swift in Sources */ = {isa = PBXBuildFile; fileRef = 155D837024CF6A0800FCCA00 /* SceneDelegate.swift */; };
		155D837324CF6A0800FCCA00 /* ViewController.swift in Sources */ = {isa = PBXBuildFile; fileRef = 155D837224CF6A0800FCCA00 /* ViewController.swift */; };
		155D837624CF6A0800FCCA00 /* Main.storyboard in Resources */ = {isa = PBXBuildFile; fileRef = 155D837424CF6A0800FCCA00 /* Main.storyboard */; };
		155D837824CF6A1100FCCA00 /* Assets.xcassets in Resources */ = {isa = PBXBuildFile; fileRef = 155D837724CF6A1100FCCA00 /* Assets.xcassets */; };
		155D837B24CF6A1100FCCA00 /* LaunchScreen.storyboard in Resources */ = {isa = PBXBuildFile; fileRef = 155D837924CF6A1100FCCA00 /* LaunchScreen.storyboard */; };
		155D843B24D205FF00FCCA00 /* JournalViewController.swift in Sources */ = {isa = PBXBuildFile; fileRef = 155D843A24D205FF00FCCA00 /* JournalViewController.swift */; };
		DC25AA9924D21FDC006A194E /* ViewControllerHotline.swift in Sources */ = {isa = PBXBuildFile; fileRef = DC25AA9824D21FDC006A194E /* ViewControllerHotline.swift */; };
		DC25AA9B24D22B9E006A194E /* ViewControlleronlineresources.swift in Sources */ = {isa = PBXBuildFile; fileRef = DC25AA9A24D22B9E006A194E /* ViewControlleronlineresources.swift */; };
		F7A23B7324D0BCED00B0BCFE /* WebKit.framework in Frameworks */ = {isa = PBXBuildFile; fileRef = F7A23B7224D0BCED00B0BCFE /* WebKit.framework */; };
		F7A23B7724D1D51600B0BCFE /* YouAreLovedViewController.swift in Sources */ = {isa = PBXBuildFile; fileRef = F7A23B7624D1D51600B0BCFE /* YouAreLovedViewController.swift */; };
/* End PBXBuildFile section */

/* Begin PBXFileReference section */
		155D836B24CF6A0800FCCA00 /* Rare.app */ = {isa = PBXFileReference; explicitFileType = wrapper.application; includeInIndex = 0; path = Rare.app; sourceTree = BUILT_PRODUCTS_DIR; };
		155D836E24CF6A0800FCCA00 /* AppDelegate.swift */ = {isa = PBXFileReference; lastKnownFileType = sourcecode.swift; path = AppDelegate.swift; sourceTree = "<group>"; };
		155D837024CF6A0800FCCA00 /* SceneDelegate.swift */ = {isa = PBXFileReference; lastKnownFileType = sourcecode.swift; path = SceneDelegate.swift; sourceTree = "<group>"; };
		155D837224CF6A0800FCCA00 /* ViewController.swift */ = {isa = PBXFileReference; lastKnownFileType = sourcecode.swift; path = ViewController.swift; sourceTree = "<group>"; };
		155D837524CF6A0800FCCA00 /* Base */ = {isa = PBXFileReference; lastKnownFileType = file.storyboard; name = Base; path = Base.lproj/Main.storyboard; sourceTree = "<group>"; };
		155D837724CF6A1100FCCA00 /* Assets.xcassets */ = {isa = PBXFileReference; lastKnownFileType = folder.assetcatalog; path = Assets.xcassets; sourceTree = "<group>"; };
		155D837A24CF6A1100FCCA00 /* Base */ = {isa = PBXFileReference; lastKnownFileType = file.storyboard; name = Base; path = Base.lproj/LaunchScreen.storyboard; sourceTree = "<group>"; };
		155D837C24CF6A1100FCCA00 /* Info.plist */ = {isa = PBXFileReference; lastKnownFileType = text.plist.xml; path = Info.plist; sourceTree = "<group>"; };
		155D843A24D205FF00FCCA00 /* JournalViewController.swift */ = {isa = PBXFileReference; lastKnownFileType = sourcecode.swift; path = JournalViewController.swift; sourceTree = "<group>"; };
		DC25AA9824D21FDC006A194E /* ViewControllerHotline.swift */ = {isa = PBXFileReference; lastKnownFileType = sourcecode.swift; path = ViewControllerHotline.swift; sourceTree = "<group>"; };
		DC25AA9A24D22B9E006A194E /* ViewControlleronlineresources.swift */ = {isa = PBXFileReference; lastKnownFileType = sourcecode.swift; path = ViewControlleronlineresources.swift; sourceTree = "<group>"; };
		F7A23B7224D0BCED00B0BCFE /* WebKit.framework */ = {isa = PBXFileReference; lastKnownFileType = wrapper.framework; name = WebKit.framework; path = System/Library/Frameworks/WebKit.framework; sourceTree = SDKROOT; };
		F7A23B7624D1D51600B0BCFE /* YouAreLovedViewController.swift */ = {isa = PBXFileReference; lastKnownFileType = sourcecode.swift; path = YouAreLovedViewController.swift; sourceTree = "<group>"; };
/* End PBXFileReference section */

/* Begin PBXFrameworksBuildPhase section */
		155D836824CF6A0800FCCA00 /* Frameworks */ = {
			isa = PBXFrameworksBuildPhase;
			buildActionMask = 2147483647;
			files = (
				F7A23B7324D0BCED00B0BCFE /* WebKit.framework in Frameworks */,
			);
			runOnlyForDeploymentPostprocessing = 0;
		};
/* End PBXFrameworksBuildPhase section */

/* Begin PBXGroup section */
		155D836224CF6A0800FCCA00 = {
			isa = PBXGroup;
			children = (
				155D836D24CF6A0800FCCA00 /* Rare */,
				155D836C24CF6A0800FCCA00 /* Products */,
				F7A23B7124D0BCEC00B0BCFE /* Frameworks */,
			);
			sourceTree = "<group>";
		};
		155D836C24CF6A0800FCCA00 /* Products */ = {
			isa = PBXGroup;
			children = (
				155D836B24CF6A0800FCCA00 /* Rare.app */,
			);
			name = Products;
			sourceTree = "<group>";
		};
		155D836D24CF6A0800FCCA00 /* Rare */ = {
			isa = PBXGroup;
			children = (
				155D836E24CF6A0800FCCA00 /* AppDelegate.swift */,
				155D837024CF6A0800FCCA00 /* SceneDelegate.swift */,
				155D837224CF6A0800FCCA00 /* ViewController.swift */,
				155D843A24D205FF00FCCA00 /* JournalViewController.swift */,
				DC25AA9A24D22B9E006A194E /* ViewControlleronlineresources.swift */,
				155D837424CF6A0800FCCA00 /* Main.storyboard */,
				DC25AA9824D21FDC006A194E /* ViewControllerHotline.swift */,
				F7A23B7624D1D51600B0BCFE /* YouAreLovedViewController.swift */,
				155D837724CF6A1100FCCA00 /* Assets.xcassets */,
				155D837924CF6A1100FCCA00 /* LaunchScreen.storyboard */,
				155D837C24CF6A1100FCCA00 /* Info.plist */,
			);
			path = Rare;
			sourceTree = "<group>";
		};
		F7A23B7124D0BCEC00B0BCFE /* Frameworks */ = {
			isa = PBXGroup;
			children = (
				F7A23B7224D0BCED00B0BCFE /* WebKit.framework */,
			);
			name = Frameworks;
			sourceTree = "<group>";
		};
/* End PBXGroup section */

/* Begin PBXNativeTarget section */
		155D836A24CF6A0800FCCA00 /* Rare */ = {
			isa = PBXNativeTarget;
			buildConfigurationList = 155D837F24CF6A1100FCCA00 /* Build configuration list for PBXNativeTarget "Rare" */;
			buildPhases = (
				155D836724CF6A0800FCCA00 /* Sources */,
				155D836824CF6A0800FCCA00 /* Frameworks */,
				155D836924CF6A0800FCCA00 /* Resources */,
			);
			buildRules = (
			);
			dependencies = (
			);
			name = Rare;
			productName = Rare;
			productReference = 155D836B24CF6A0800FCCA00 /* Rare.app */;
			productType = "com.apple.product-type.application";
		};
/* End PBXNativeTarget section */

/* Begin PBXProject section */
		155D836324CF6A0800FCCA00 /* Project object */ = {
			isa = PBXProject;
			attributes = {
				LastSwiftUpdateCheck = 1160;
				LastUpgradeCheck = 1160;
				ORGANIZATIONNAME = "Trisha Gannu";
				TargetAttributes = {
					155D836A24CF6A0800FCCA00 = {
						CreatedOnToolsVersion = 11.6;
					};
				};
			};
			buildConfigurationList = 155D836624CF6A0800FCCA00 /* Build configuration list for PBXProject "Rare" */;
			compatibilityVersion = "Xcode 9.3";
			developmentRegion = en;
			hasScannedForEncodings = 0;
			knownRegions = (
				en,
				Base,
			);
			mainGroup = 155D836224CF6A0800FCCA00;
			productRefGroup = 155D836C24CF6A0800FCCA00 /* Products */;
			projectDirPath = "";
			projectRoot = "";
			targets = (
				155D836A24CF6A0800FCCA00 /* Rare */,
			);
		};
/* End PBXProject section */

/* Begin PBXResourcesBuildPhase section */
		155D836924CF6A0800FCCA00 /* Resources */ = {
			isa = PBXResourcesBuildPhase;
			buildActionMask = 2147483647;
			files = (
				155D837B24CF6A1100FCCA00 /* LaunchScreen.storyboard in Resources */,
				155D837824CF6A1100FCCA00 /* Assets.xcassets in Resources */,
				155D837624CF6A0800FCCA00 /* Main.storyboard in Resources */,
			);
			runOnlyForDeploymentPostprocessing = 0;
		};
/* End PBXResourcesBuildPhase section */

/* Begin PBXSourcesBuildPhase section */
		155D836724CF6A0800FCCA00 /* Sources */ = {
			isa = PBXSourcesBuildPhase;
			buildActionMask = 2147483647;
			files = (
				DC25AA9924D21FDC006A194E /* ViewControllerHotline.swift in Sources */,
				F7A23B7724D1D51600B0BCFE /* YouAreLovedViewController.swift in Sources */,
				155D837324CF6A0800FCCA00 /* ViewController.swift in Sources */,
				155D836F24CF6A0800FCCA00 /* AppDelegate.swift in Sources */,
				DC25AA9B24D22B9E006A194E /* ViewControlleronlineresources.swift in Sources */,
				155D837124CF6A0800FCCA00 /* SceneDelegate.swift in Sources */,
				155D843B24D205FF00FCCA00 /* JournalViewController.swift in Sources */,
			);
			runOnlyForDeploymentPostprocessing = 0;
		};
/* End PBXSourcesBuildPhase section */

/* Begin PBXVariantGroup section */
		155D837424CF6A0800FCCA00 /* Main.storyboard */ = {
			isa = PBXVariantGroup;
			children = (
				155D837524CF6A0800FCCA00 /* Base */,
			);
			name = Main.storyboard;
			sourceTree = "<group>";
		};
		155D837924CF6A1100FCCA00 /* LaunchScreen.storyboard */ = {
			isa = PBXVariantGroup;
			children = (
				155D837A24CF6A1100FCCA00 /* Base */,
			);
			name = LaunchScreen.storyboard;
			sourceTree = "<group>";
		};
/* End PBXVariantGroup section */

/* Begin XCBuildConfiguration section */
		155D837D24CF6A1100FCCA00 /* Debug */ = {
			isa = XCBuildConfiguration;
			buildSettings = {
				ALWAYS_SEARCH_USER_PATHS = NO;
				CLANG_ANALYZER_NONNULL = YES;
				CLANG_ANALYZER_NUMBER_OBJECT_CONVERSION = YES_AGGRESSIVE;
				CLANG_CXX_LANGUAGE_STANDARD = "gnu++14";
				CLANG_CXX_LIBRARY = "libc++";
				CLANG_ENABLE_MODULES = YES;
				CLANG_ENABLE_OBJC_ARC = YES;
				CLANG_ENABLE_OBJC_WEAK = YES;
				CLANG_WARN_BLOCK_CAPTURE_AUTORELEASING = YES;
				CLANG_WARN_BOOL_CONVERSION = YES;
				CLANG_WARN_COMMA = YES;
				CLANG_WARN_CONSTANT_CONVERSION = YES;
				CLANG_WARN_DEPRECATED_OBJC_IMPLEMENTATIONS = YES;
				CLANG_WARN_DIRECT_OBJC_ISA_USAGE = YES_ERROR;
				CLANG_WARN_DOCUMENTATION_COMMENTS = YES;
				CLANG_WARN_EMPTY_BODY = YES;
				CLANG_WARN_ENUM_CONVERSION = YES;
				CLANG_WARN_INFINITE_RECURSION = YES;
				CLANG_WARN_INT_CONVERSION = YES;
				CLANG_WARN_NON_LITERAL_NULL_CONVERSION = YES;
				CLANG_WARN_OBJC_IMPLICIT_RETAIN_SELF = YES;
				CLANG_WARN_OBJC_LITERAL_CONVERSION = YES;
				CLANG_WARN_OBJC_ROOT_CLASS = YES_ERROR;
				CLANG_WARN_RANGE_LOOP_ANALYSIS = YES;
				CLANG_WARN_STRICT_PROTOTYPES = YES;
				CLANG_WARN_SUSPICIOUS_MOVE = YES;
				CLANG_WARN_UNGUARDED_AVAILABILITY = YES_AGGRESSIVE;
				CLANG_WARN_UNREACHABLE_CODE = YES;
				CLANG_WARN__DUPLICATE_METHOD_MATCH = YES;
				COPY_PHASE_STRIP = NO;
				DEBUG_INFORMATION_FORMAT = dwarf;
				ENABLE_STRICT_OBJC_MSGSEND = YES;
				ENABLE_TESTABILITY = YES;
				GCC_C_LANGUAGE_STANDARD = gnu11;
				GCC_DYNAMIC_NO_PIC = NO;
				GCC_NO_COMMON_BLOCKS = YES;
				GCC_OPTIMIZATION_LEVEL = 0;
				GCC_PREPROCESSOR_DEFINITIONS = (
					"DEBUG=1",
					"$(inherited)",
				);
				GCC_WARN_64_TO_32_BIT_CONVERSION = YES;
				GCC_WARN_ABOUT_RETURN_TYPE = YES_ERROR;
				GCC_WARN_UNDECLARED_SELECTOR = YES;
				GCC_WARN_UNINITIALIZED_AUTOS = YES_AGGRESSIVE;
				GCC_WARN_UNUSED_FUNCTION = YES;
				GCC_WARN_UNUSED_VARIABLE = YES;
				IPHONEOS_DEPLOYMENT_TARGET = 13.6;
				MTL_ENABLE_DEBUG_INFO = INCLUDE_SOURCE;
				MTL_FAST_MATH = YES;
				ONLY_ACTIVE_ARCH = YES;
				SDKROOT = iphoneos;
				SWIFT_ACTIVE_COMPILATION_CONDITIONS = DEBUG;
				SWIFT_OPTIMIZATION_LEVEL = "-Onone";
			};
			name = Debug;
		};
		155D837E24CF6A1100FCCA00 /* Release */ = {
			isa = XCBuildConfiguration;
			buildSettings = {
				ALWAYS_SEARCH_USER_PATHS = NO;
				CLANG_ANALYZER_NONNULL = YES;
				CLANG_ANALYZER_NUMBER_OBJECT_CONVERSION = YES_AGGRESSIVE;
				CLANG_CXX_LANGUAGE_STANDARD = "gnu++14";
				CLANG_CXX_LIBRARY = "libc++";
				CLANG_ENABLE_MODULES = YES;
				CLANG_ENABLE_OBJC_ARC = YES;
				CLANG_ENABLE_OBJC_WEAK = YES;
				CLANG_WARN_BLOCK_CAPTURE_AUTORELEASING = YES;
				CLANG_WARN_BOOL_CONVERSION = YES;
				CLANG_WARN_COMMA = YES;
				CLANG_WARN_CONSTANT_CONVERSION = YES;
				CLANG_WARN_DEPRECATED_OBJC_IMPLEMENTATIONS = YES;
				CLANG_WARN_DIRECT_OBJC_ISA_USAGE = YES_ERROR;
				CLANG_WARN_DOCUMENTATION_COMMENTS = YES;
				CLANG_WARN_EMPTY_BODY = YES;
				CLANG_WARN_ENUM_CONVERSION = YES;
				CLANG_WARN_INFINITE_RECURSION = YES;
				CLANG_WARN_INT_CONVERSION = YES;
				CLANG_WARN_NON_LITERAL_NULL_CONVERSION = YES;
				CLANG_WARN_OBJC_IMPLICIT_RETAIN_SELF = YES;
				CLANG_WARN_OBJC_LITERAL_CONVERSION = YES;
				CLANG_WARN_OBJC_ROOT_CLASS = YES_ERROR;
				CLANG_WARN_RANGE_LOOP_ANALYSIS = YES;
				CLANG_WARN_STRICT_PROTOTYPES = YES;
				CLANG_WARN_SUSPICIOUS_MOVE = YES;
				CLANG_WARN_UNGUARDED_AVAILABILITY = YES_AGGRESSIVE;
				CLANG_WARN_UNREACHABLE_CODE = YES;
				CLANG_WARN__DUPLICATE_METHOD_MATCH = YES;
				COPY_PHASE_STRIP = NO;
				DEBUG_INFORMATION_FORMAT = "dwarf-with-dsym";
				ENABLE_NS_ASSERTIONS = NO;
				ENABLE_STRICT_OBJC_MSGSEND = YES;
				GCC_C_LANGUAGE_STANDARD = gnu11;
				GCC_NO_COMMON_BLOCKS = YES;
				GCC_WARN_64_TO_32_BIT_CONVERSION = YES;
				GCC_WARN_ABOUT_RETURN_TYPE = YES_ERROR;
				GCC_WARN_UNDECLARED_SELECTOR = YES;
				GCC_WARN_UNINITIALIZED_AUTOS = YES_AGGRESSIVE;
				GCC_WARN_UNUSED_FUNCTION = YES;
				GCC_WARN_UNUSED_VARIABLE = YES;
				IPHONEOS_DEPLOYMENT_TARGET = 13.6;
				MTL_ENABLE_DEBUG_INFO = NO;
				MTL_FAST_MATH = YES;
				SDKROOT = iphoneos;
				SWIFT_COMPILATION_MODE = wholemodule;
				SWIFT_OPTIMIZATION_LEVEL = "-O";
				VALIDATE_PRODUCT = YES;
			};
			name = Release;
		};
		155D838024CF6A1100FCCA00 /* Debug */ = {
			isa = XCBuildConfiguration;
			buildSettings = {
				ASSETCATALOG_COMPILER_APPICON_NAME = AppIcon;
				CODE_SIGN_STYLE = Automatic;
				INFOPLIST_FILE = Rare/Info.plist;
				IPHONEOS_DEPLOYMENT_TARGET = 13.5;
				LD_RUNPATH_SEARCH_PATHS = (
					"$(inherited)",
					"@executable_path/Frameworks",
				);
				PRODUCT_BUNDLE_IDENTIFIER = KWK.Rare;
				PRODUCT_NAME = "$(TARGET_NAME)";
				SWIFT_VERSION = 5.0;
				TARGETED_DEVICE_FAMILY = "1,2";
			};
			name = Debug;
		};
		155D838124CF6A1100FCCA00 /* Release */ = {
			isa = XCBuildConfiguration;
			buildSettings = {
				ASSETCATALOG_COMPILER_APPICON_NAME = AppIcon;
				CODE_SIGN_STYLE = Automatic;
				INFOPLIST_FILE = Rare/Info.plist;
				IPHONEOS_DEPLOYMENT_TARGET = 13.5;
				LD_RUNPATH_SEARCH_PATHS = (
					"$(inherited)",
					"@executable_path/Frameworks",
				);
				PRODUCT_BUNDLE_IDENTIFIER = KWK.Rare;
				PRODUCT_NAME = "$(TARGET_NAME)";
				SWIFT_VERSION = 5.0;
				TARGETED_DEVICE_FAMILY = "1,2";
			};
			name = Release;
		};
/* End XCBuildConfiguration section */

/* Begin XCConfigurationList section */
		155D836624CF6A0800FCCA00 /* Build configuration list for PBXProject "Rare" */ = {
			isa = XCConfigurationList;
			buildConfigurations = (
				155D837D24CF6A1100FCCA00 /* Debug */,
				155D837E24CF6A1100FCCA00 /* Release */,
			);
			defaultConfigurationIsVisible = 0;
			defaultConfigurationName = Release;
		};
		155D837F24CF6A1100FCCA00 /* Build configuration list for PBXNativeTarget "Rare" */ = {
			isa = XCConfigurationList;
			buildConfigurations = (
				155D838024CF6A1100FCCA00 /* Debug */,
				155D838124CF6A1100FCCA00 /* Release */,
			);
			defaultConfigurationIsVisible = 0;
			defaultConfigurationName = Release;
		};
/* End XCConfigurationList section */
	};
	rootObject = 155D836324CF6A0800FCCA00 /* Project object */;
}
